
Microsoft Visual Studio Solution File, Format Version 12.00
# Visual Studio 15
VisualStudioVersion = 15.0.27703.2026
MinimumVisualStudioVersion = 10.0.40219.1
Project("{FAE04EC0-301F-11D3-BF4B-00C04F79EFBC}") = "PruebaDetalleMaestro", "PruebaDetalleMaestro\PruebaDetalleMaestro.csproj", "{C5AD38D3-09D5-4EA9-95BA-3673D2AC88C8}"
EndProject
Global
	GlobalSection(SolutionConfigurationPlatforms) = preSolution
		Debug|Any CPU = Debug|Any CPU
		Release|Any CPU = Release|Any CPU
	EndGlobalSection
	GlobalSection(ProjectConfigurationPlatforms) = postSolution
		{C5AD38D3-09D5-4EA9-95BA-3673D2AC88C8}.Debug|Any CPU.ActiveCfg = Debug|Any CPU
		{C5AD38D3-09D5-4EA9-95BA-3673D2AC88C8}.Debug|Any CPU.Build.0 = Debug|Any CPU
		{C5AD38D3-09D5-4EA9-95BA-3673D2AC88C8}.Release|Any CPU.ActiveCfg = Release|Any CPU
		{C5AD38D3-09D5-4EA9-95BA-3673D2AC88C8}.Release|Any CPU.Build.0 = Release|Any CPU
	EndGlobalSection
	GlobalSection(SolutionProperties) = preSolution
		HideSolutionNode = FALSE
	EndGlobalSection
	GlobalSection(ExtensibilityGlobals) = postSolution
		SolutionGuid = {5023BD31-1291-4B6D-8C2D-6292FE62D376}
	EndGlobalSection
EndGlobal
